
Microsoft Visual Studio Solution File, Format Version 12.00
# Visual Studio 15
VisualStudioVersion = 15.0.27703.2047
MinimumVisualStudioVersion = 10.0.40219.1
Project("{FAE04EC0-301F-11D3-BF4B-00C04F79EFBC}") = "AUSSaveParser", "AUSSaveParser\AUSSaveParser.csproj", "{688D3B4E-669D-4119-B319-E5FEAFF26A53}"
EndProject
Project("{FAE04EC0-301F-11D3-BF4B-00C04F79EFBC}") = "SaveEditor", "SaveEditor\SaveEditor.csproj", "{52B9E9A8-F917-4103-B344-AEF0992A096D}"
EndProject
Global
	GlobalSection(SolutionConfigurationPlatforms) = preSolution
		Debug|Any CPU = Debug|Any CPU
		Release|Any CPU = Release|Any CPU
	EndGlobalSection
	GlobalSection(ProjectConfigurationPlatforms) = postSolution
		{688D3B4E-669D-4119-B319-E5FEAFF26A53}.Debug|Any CPU.ActiveCfg = Debug|Any CPU
		{688D3B4E-669D-4119-B319-E5FEAFF26A53}.Debug|Any CPU.Build.0 = Debug|Any CPU
		{688D3B4E-669D-4119-B319-E5FEAFF26A53}.Release|Any CPU.ActiveCfg = Release|Any CPU
		{688D3B4E-669D-4119-B319-E5FEAFF26A53}.Release|Any CPU.Build.0 = Release|Any CPU
		{52B9E9A8-F917-4103-B344-AEF0992A096D}.Debug|Any CPU.ActiveCfg = Debug|Any CPU
		{52B9E9A8-F917-4103-B344-AEF0992A096D}.Debug|Any CPU.Build.0 = Debug|Any CPU
		{52B9E9A8-F917-4103-B344-AEF0992A096D}.Release|Any CPU.ActiveCfg = Release|Any CPU
		{52B9E9A8-F917-4103-B344-AEF0992A096D}.Release|Any CPU.Build.0 = Release|Any CPU
	EndGlobalSection
	GlobalSection(SolutionProperties) = preSolution
		HideSolutionNode = FALSE
	EndGlobalSection
	GlobalSection(ExtensibilityGlobals) = postSolution
		SolutionGuid = {082363AE-506B-45F8-A946-0ABB4BDEFE61}
	EndGlobalSection
EndGlobal
